<?xml version="1.0" encoding="UTF-8"?>
<Scheme
   LastUpgradeVersion = "2650"
   version = "1.7">
   <BuildAction
      parallelizeBuildables = "YES"
      buildImplicitDependencies = "YES"
      buildArchitectures = "Automatic">
      <BuildActionEntries>
         <BuildActionEntry
            buildForTesting = "YES"
            buildForRunning = "YES"
            buildForProfiling = "YES"
            buildForArchiving = "YES"
            buildForAnalyzing = "YES">
            <BuildableReference
               BuildableIdentifier = "primary"
               BlueprintIdentifier = "D250C0722FD232D200138BF0"
               BuildableName = "ShellDoc.app"
               BlueprintName = "ShellDoc"
               ReferencedContainer = "container:ShellDoc.xcodeproj">
            </BuildableReference>
         </BuildActionEntry>
      </BuildActionEntries>
   </BuildAction>
   <TestAction
      buildConfiguration = "Debug"
      selectedDebuggerIdentifier = "Xcode.DebuggerFoundation.Debugger.LLDB"
      selectedLauncherIdentifier = "Xcode.DebuggerFoundation.Launcher.LLDB"
      shouldUseLaunchSchemeArgsEnv = "YES"
      shouldAutocreateTestPlan = "YES">
      <Testables>
         <TestableReference
            skipped = "NO"
            parallelizable = "YES">
            <BuildableReference
               BuildableIdentifier = "primary"
               BlueprintIdentifier = "D250C0832FD232D300138BF0"
               BuildableName = "ShellDocTests.xctest"
               BlueprintName = "ShellDocTests"
               ReferencedContainer = "container:ShellDoc.xcodeproj">
            </BuildableReference>
         </TestableReference>
         <TestableReference
            skipped = "NO"
            parallelizable = "YES">
            <BuildableReference
               BuildableIdentifier = "primary"
               BlueprintIdentifier = "D250C08D2FD232D300138BF0"
               BuildableName = "ShellDocUITests.xctest"
               BlueprintName = "ShellDocUITests"
               ReferencedContainer = "container:ShellDoc.xcodeproj">
            </BuildableReference>
         </TestableReference>
      </Testables>
   </TestAction>
   <LaunchAction
      buildConfiguration = "Debug"
      selectedDebuggerIdentifier = "Xcode.DebuggerFoundation.Debugger.LLDB"
      selectedLauncherIdentifier = "Xcode.DebuggerFoundation.Launcher.LLDB"
      launchStyle = "0"
      useCustomWorkingDirectory = "NO"
      ignoresPersistentStateOnLaunch = "NO"
      debugDocumentVersioning = "YES"
      debugServiceExtension = "internal"
      allowLocationSimulation = "YES"
      queueDebuggingEnableBacktraceRecording = "Yes">
      <BuildableProductRunnable
         runnableDebuggingMode = "0">
         <BuildableReference
            BuildableIdentifier = "primary"
            BlueprintIdentifier = "D250C0722FD232D200138BF0"
            BuildableName = "ShellDoc.app"
            BlueprintName = "ShellDoc"
            ReferencedContainer = "container:ShellDoc.xcodeproj">
         </BuildableReference>
      </BuildableProductRunnable>
      <EnvironmentVariables>
         <EnvironmentVariable
            key = "SHELLDOC_API_BASE_URL"
            value = "http://127.0.0.1:8787"
            isEnabled = "YES">
         </EnvironmentVariable>
         <EnvironmentVariable
            key = "SHELLDOC_OLLAMA_BASE_URL"
            value = "http://127.0.0.1:11434"
            isEnabled = "YES">
         </EnvironmentVariable>
         <EnvironmentVariable
            key = "SHELLDOC_OLLAMA_MODEL"
            value = "qwen2.5-coder:7b"
            isEnabled = "YES">
         </EnvironmentVariable>
         <EnvironmentVariable
            key = "SUPABASE_URL"
            value = "https://xjnqzxbqtevuwuwqbunm.supabase.co"
            isEnabled = "YES">
         </EnvironmentVariable>
         <EnvironmentVariable
            key = "SUPABASE_SERVICE_ROLE_KEY"
            value = "yJhbGciOiJIUzI1NiIsInR5cCI6IkpXVCJ9.eyJpc3MiOiJzdXBhYmFzZSIsInJlZiI6InhqbnF6eGJxdGV2dXd1d3FidW5tIiwicm9sZSI6InNlcnZpY2Vfcm9sZSIsImlhdCI6MTc4MDc2OTUzOCwiZXhwIjoyMDk2MzQ1NTM4fQ.UZS0SWSqqIdMeMHNgdr2koU0OOQkNnxw0nodZOEvcUo"
            isEnabled = "YES">
         </EnvironmentVariable>
         <EnvironmentVariable
            key = "DATABASE_URL"
            value = "postgresql://postgres:ShellDoc$04@db.xjnqzxbqtevuwuwqbunm.supabase.co:5432/postgres"
            isEnabled = "YES">
         </EnvironmentVariable>
         <EnvironmentVariable
            key = "SHELLDOC_API_BEARER_TOKEN"
            value = ""
            isEnabled = "YES">
         </EnvironmentVariable>
         <EnvironmentVariable
            key = "SUPABASE_SERVICE_ROLE_KEY"
            value = "eyJhbGciOiJIUzI1NiIsInR5cCI6IkpXVCJ9.eyJpc3MiOiJzdXBhYmFzZSIsInJlZiI6InhqbnF6eGJxdGV2dXd1d3FidW5tIiwicm9sZSI6InNlcnZpY2Vfcm9sZSIsImlhdCI6MTc4MDc2OTUzOCwiZXhwIjoyMDk2MzQ1NTM4fQ.UZS0SWSqqIdMeMHNgdr2koU0OOQkNnxw0nodZOEvcUo"
            isEnabled = "YES">
         </EnvironmentVariable>
         <EnvironmentVariable
            key = "DATABASE_URL"
            value = "postgresql://postgres:ShellDoc$04@db.xjnqzxbqtevuwuwqbunm.supabase.co:5432/postgres"
            isEnabled = "YES">
         </EnvironmentVariable>
         <EnvironmentVariable
            key = "ATLASSIAN_BASE_URL"
            value = "https://sancheznormandev.atlassian.net/"
            isEnabled = "YES">
         </EnvironmentVariable>
         <EnvironmentVariable
            key = "ATLASSIAN_CLIENT_ID"
            value = "LNFEqfaJpkiXcQU0qDVFzkcyMEl8nJWp"
            isEnabled = "YES">
         </EnvironmentVariable>
         <EnvironmentVariable
            key = "ATLASSIAN_CLIENT_SECRET"
            value = "ATOApkmsp0KoBn9SKyhGv66UXEWRDBXp9Tdc8meqYrvvLyI5LQx5G3IsTbS83rAWLBMGF4D702A1"
            isEnabled = "YES">
         </EnvironmentVariable>
         <EnvironmentVariable
            key = "GITHUB_APP_ID"
            value = ""
            isEnabled = "YES">
         </EnvironmentVariable>
         <EnvironmentVariable
            key = "GITHUB_PRIVATE_KEY"
            value = ""
            isEnabled = "YES">
         </EnvironmentVariable>
         <EnvironmentVariable
            key = "ENCRYPTION_MASTER_KEY"
            value = ""
            isEnabled = "YES">
         </EnvironmentVariable>
      </EnvironmentVariables>
   </LaunchAction>
   <ProfileAction
      buildConfiguration = "Release"
      shouldUseLaunchSchemeArgsEnv = "YES"
      savedToolIdentifier = ""
      useCustomWorkingDirectory = "NO"
      debugDocumentVersioning = "YES">
      <BuildableProductRunnable
         runnableDebuggingMode = "0">
         <BuildableReference
            BuildableIdentifier = "primary"
            BlueprintIdentifier = "D250C0722FD232D200138BF0"
            BuildableName = "ShellDoc.app"
            BlueprintName = "ShellDoc"
            ReferencedContainer = "container:ShellDoc.xcodeproj">
         </BuildableReference>
      </BuildableProductRunnable>
   </ProfileAction>
   <AnalyzeAction
      buildConfiguration = "Debug">
   </AnalyzeAction>
   <ArchiveAction
      buildConfiguration = "Release"
      revealArchiveInOrganizer = "YES">
   </ArchiveAction>
</Scheme>
